
Microsoft Visual Studio Solution File, Format Version 12.00
# Visual Studio 15
Project("{FAE04EC0-301F-11D3-BF4B-00C04F79EFBC}") = "PhotonUnityNetworking.Demos", "PhotonUnityNetworking.Demos.csproj", "{AE2FC49E-3783-8834-B0A7-DA17CBF6D9EB}"
EndProject
Project("{FAE04EC0-301F-11D3-BF4B-00C04F79EFBC}") = "PhotonUnityNetworking.Utilities", "PhotonUnityNetworking.Utilities.csproj", "{2B5BA689-2E7C-372F-46E0-3BD9FA5731E8}"
EndProject
Project("{FAE04EC0-301F-11D3-BF4B-00C04F79EFBC}") = "PhotonChat", "PhotonChat.csproj", "{03BF9FF8-A119-8643-C921-C2B595CBCBC3}"
EndProject
Project("{FAE04EC0-301F-11D3-BF4B-00C04F79EFBC}") = "PhotonUnityNetworking", "PhotonUnityNetworking.csproj", "{0E7AEC97-D8B3-26BD-99DA-38A662792940}"
EndProject
Project("{FAE04EC0-301F-11D3-BF4B-00C04F79EFBC}") = "Assembly-CSharp", "Assembly-CSharp.csproj", "{BFD7E2B3-677B-3695-7D34-0667B8A556ED}"
EndProject
Project("{FAE04EC0-301F-11D3-BF4B-00C04F79EFBC}") = "PhotonRealtime", "PhotonRealtime.csproj", "{838C4FAD-1A32-CB56-E5BC-26354E91D9E8}"
EndProject
Project("{FAE04EC0-301F-11D3-BF4B-00C04F79EFBC}") = "PhotonUnityNetworking.Editor", "PhotonUnityNetworking.Editor.csproj", "{9514E088-A3E2-83B2-4C90-F1176D58DDF1}"
EndProject
Project("{FAE04EC0-301F-11D3-BF4B-00C04F79EFBC}") = "PunDemos.DemoHubEditor", "PunDemos.DemoHubEditor.csproj", "{C966751B-2583-02A8-4BDE-38A157137AD4}"
EndProject
Project("{FAE04EC0-301F-11D3-BF4B-00C04F79EFBC}") = "PhotonUnityNetworking.Utilities.PhotonPlayer.Editor", "PhotonUnityNetworking.Utilities.PhotonPlayer.Editor.csproj", "{0E6C8C19-9280-0661-267B-A3A07E07BAE0}"
EndProject
Project("{FAE04EC0-301F-11D3-BF4B-00C04F79EFBC}") = "PhotonUnityNetworking.Utilities.Culling.Editor", "PhotonUnityNetworking.Utilities.Culling.Editor.csproj", "{7EC1381B-D238-5168-0903-B329A923D7D7}"
EndProject
Project("{FAE04EC0-301F-11D3-BF4B-00C04F79EFBC}") = "PunDemos.DemoSlotcarEditor", "PunDemos.DemoSlotcarEditor.csproj", "{795EACC5-EDE6-9DAA-D16E-F5712BDE9114}"
EndProject
Global
	GlobalSection(SolutionConfigurationPlatforms) = preSolution
		Debug|Any CPU = Debug|Any CPU
		Release|Any CPU = Release|Any CPU
	EndGlobalSection
	GlobalSection(ProjectConfigurationPlatforms) = postSolution
		{AE2FC49E-3783-8834-B0A7-DA17CBF6D9EB}.Debug|Any CPU.ActiveCfg = Debug|Any CPU
		{AE2FC49E-3783-8834-B0A7-DA17CBF6D9EB}.Debug|Any CPU.Build.0 = Debug|Any CPU
		{AE2FC49E-3783-8834-B0A7-DA17CBF6D9EB}.Release|Any CPU.ActiveCfg = Release|Any CPU
		{AE2FC49E-3783-8834-B0A7-DA17CBF6D9EB}.Release|Any CPU.Build.0 = Release|Any CPU
		{2B5BA689-2E7C-372F-46E0-3BD9FA5731E8}.Debug|Any CPU.ActiveCfg = Debug|Any CPU
		{2B5BA689-2E7C-372F-46E0-3BD9FA5731E8}.Debug|Any CPU.Build.0 = Debug|Any CPU
		{2B5BA689-2E7C-372F-46E0-3BD9FA5731E8}.Release|Any CPU.ActiveCfg = Release|Any CPU
		{2B5BA689-2E7C-372F-46E0-3BD9FA5731E8}.Release|Any CPU.Build.0 = Release|Any CPU
		{03BF9FF8-A119-8643-C921-C2B595CBCBC3}.Debug|Any CPU.ActiveCfg = Debug|Any CPU
		{03BF9FF8-A119-8643-C921-C2B595CBCBC3}.Debug|Any CPU.Build.0 = Debug|Any CPU
		{03BF9FF8-A119-8643-C921-C2B595CBCBC3}.Release|Any CPU.ActiveCfg = Release|Any CPU
		{03BF9FF8-A119-8643-C921-C2B595CBCBC3}.Release|Any CPU.Build.0 = Release|Any CPU
		{0E7AEC97-D8B3-26BD-99DA-38A662792940}.Debug|Any CPU.ActiveCfg = Debug|Any CPU
		{0E7AEC97-D8B3-26BD-99DA-38A662792940}.Debug|Any CPU.Build.0 = Debug|Any CPU
		{0E7AEC97-D8B3-26BD-99DA-38A662792940}.Release|Any CPU.ActiveCfg = Release|Any CPU
		{0E7AEC97-D8B3-26BD-99DA-38A662792940}.Release|Any CPU.Build.0 = Release|Any CPU
		{BFD7E2B3-677B-3695-7D34-0667B8A556ED}.Debug|Any CPU.ActiveCfg = Debug|Any CPU
		{BFD7E2B3-677B-3695-7D34-0667B8A556ED}.Debug|Any CPU.Build.0 = Debug|Any CPU
		{BFD7E2B3-677B-3695-7D34-0667B8A556ED}.Release|Any CPU.ActiveCfg = Release|Any CPU
		{BFD7E2B3-677B-3695-7D34-0667B8A556ED}.Release|Any CPU.Build.0 = Release|Any CPU
		{838C4FAD-1A32-CB56-E5BC-26354E91D9E8}.Debug|Any CPU.ActiveCfg = Debug|Any CPU
		{838C4FAD-1A32-CB56-E5BC-26354E91D9E8}.Debug|Any CPU.Build.0 = Debug|Any CPU
		{838C4FAD-1A32-CB56-E5BC-26354E91D9E8}.Release|Any CPU.ActiveCfg = Release|Any CPU
		{838C4FAD-1A32-CB56-E5BC-26354E91D9E8}.Release|Any CPU.Build.0 = Release|Any CPU
		{9514E088-A3E2-83B2-4C90-F1176D58DDF1}.Debug|Any CPU.ActiveCfg = Debug|Any CPU
		{9514E088-A3E2-83B2-4C90-F1176D58DDF1}.Debug|Any CPU.Build.0 = Debug|Any CPU
		{9514E088-A3E2-83B2-4C90-F1176D58DDF1}.Release|Any CPU.ActiveCfg = Release|Any CPU
		{9514E088-A3E2-83B2-4C90-F1176D58DDF1}.Release|Any CPU.Build.0 = Release|Any CPU
		{C966751B-2583-02A8-4BDE-38A157137AD4}.Debug|Any CPU.ActiveCfg = Debug|Any CPU
		{C966751B-2583-02A8-4BDE-38A157137AD4}.Debug|Any CPU.Build.0 = Debug|Any CPU
		{C966751B-2583-02A8-4BDE-38A157137AD4}.Release|Any CPU.ActiveCfg = Release|Any CPU
		{C966751B-2583-02A8-4BDE-38A157137AD4}.Release|Any CPU.Build.0 = Release|Any CPU
		{0E6C8C19-9280-0661-267B-A3A07E07BAE0}.Debug|Any CPU.ActiveCfg = Debug|Any CPU
		{0E6C8C19-9280-0661-267B-A3A07E07BAE0}.Debug|Any CPU.Build.0 = Debug|Any CPU
		{0E6C8C19-9280-0661-267B-A3A07E07BAE0}.Release|Any CPU.ActiveCfg = Release|Any CPU
		{0E6C8C19-9280-0661-267B-A3A07E07BAE0}.Release|Any CPU.Build.0 = Release|Any CPU
		{7EC1381B-D238-5168-0903-B329A923D7D7}.Debug|Any CPU.ActiveCfg = Debug|Any CPU
		{7EC1381B-D238-5168-0903-B329A923D7D7}.Debug|Any CPU.Build.0 = Debug|Any CPU
		{7EC1381B-D238-5168-0903-B329A923D7D7}.Release|Any CPU.ActiveCfg = Release|Any CPU
		{7EC1381B-D238-5168-0903-B329A923D7D7}.Release|Any CPU.Build.0 = Release|Any CPU
		{795EACC5-EDE6-9DAA-D16E-F5712BDE9114}.Debug|Any CPU.ActiveCfg = Debug|Any CPU
		{795EACC5-EDE6-9DAA-D16E-F5712BDE9114}.Debug|Any CPU.Build.0 = Debug|Any CPU
		{795EACC5-EDE6-9DAA-D16E-F5712BDE9114}.Release|Any CPU.ActiveCfg = Release|Any CPU
		{795EACC5-EDE6-9DAA-D16E-F5712BDE9114}.Release|Any CPU.Build.0 = Release|Any CPU
	EndGlobalSection
	GlobalSection(SolutionProperties) = preSolution
		HideSolutionNode = FALSE
	EndGlobalSection
EndGlobal
